{
  "name": "sc-angular-wysiwyg",
  "version": "0.0.1",
  "lockfileVersion": 1,
  "requires": true,
  "dependencies": {
    "@angular/common": {
      "version": "8.2.6",
      "resolved": "https://registry.npmjs.org/@angular/common/-/common-8.2.6.tgz",
      "integrity": "sha512-OlU3LCPShHJEsOHS+qczY52P0kWtjJD8N7NDHaGMB6Xp8GMgItjQIeeO6yf8DJyaCIC4qk4G7jPdnQk6IE1SbQ==",
      "dev": true,
      "requires": {
        "tslib": "^1.9.0"
      }
    },
    "@angular/core": {
      "version": "10.2.5",
      "resolved": "https://registry.npmjs.org/@angular/core/-/core-10.2.5.tgz",
      "integrity": "sha512-krhOKNTj5XE92Rk9ASX5KmgTF72j7qT2PLVxrGEVjuUKjBY2XaK3TV0Kotq9zI3qa9WgeCrP/Njn6jlKQCCAEQ==",
      "dev": true,
      "requires": {
        "tslib": "^2.0.0"
      },
      "dependencies": {
        "tslib": {
          "version": "2.6.2",
          "resolved": "https://registry.npmjs.org/tslib/-/tslib-2.6.2.tgz",
          "integrity": "sha512-AEYxH93jGFPn/a2iVAwW87VuUIkR1FVUKB77NwMF7nBTDkDrrT/Hpt/IrCJ0QXhW27jTBDcf5ZY7w6RiqTMw2Q==",
          "dev": true
        }
      }
    },
    "@angular/forms": {
      "version": "8.2.6",
      "resolved": "https://registry.npmjs.org/@angular/forms/-/forms-8.2.6.tgz",
      "integrity": "sha512-sYUspJYJGq0OaBuxgdUXPf0TwYyED9OVWNCl9jDJCW//2NAbrZG8BSujvV54Dtg2emY1Uc7EFyQ8Wc8yxS7KSg==",
      "dev": true,
      "requires": {
        "tslib": "^1.9.0"
      }
    },
    "@angular/platform-browser": {
      "version": "8.2.6",
      "resolved": "https://registry.npmjs.org/@angular/platform-browser/-/platform-browser-8.2.6.tgz",
      "integrity": "sha512-wUgcdTXItforNA+6qykPL9SDmV1uSIUQcEZrm3YCoVt7CuwMav3dq9Lg1zZ7HKv0A8It0fAKpXBkamzpRxvZEw==",
      "dev": true,
      "requires": {
        "tslib": "^1.9.0"
      }
    },
    "tslib": {
      "version": "1.10.0",
      "resolved": "https://registry.npmjs.org/tslib/-/tslib-1.10.0.tgz",
      "integrity": "sha512-qOebF53frne81cf0S9B41ByenJ3/IuH8yJKngAX35CmiZySA0khhkovshKK+jGCaMnVomla7gVlIcc3EvKPbTQ==",
      "dev": true
    }
  }
}
